
Microsoft Visual Studio Solution File, Format Version 12.00
# Visual Studio Version 16
VisualStudioVersion = 16.0.31005.135
MinimumVisualStudioVersion = 10.0.40219.1
Project("{FAE04EC0-301F-11D3-BF4B-00C04F79EFBC}") = "Automation Test Engineer", "Automation Test Engineer.csproj", "{DEAA2FF4-470A-4CD8-9733-C523C3C817F9}"
EndProject
Global
	GlobalSection(SolutionConfigurationPlatforms) = preSolution
		Debug|Any CPU = Debug|Any CPU
		Release|Any CPU = Release|Any CPU
	EndGlobalSection
	GlobalSection(ProjectConfigurationPlatforms) = postSolution
		{DEAA2FF4-470A-4CD8-9733-C523C3C817F9}.Debug|Any CPU.ActiveCfg = Debug|Any CPU
		{DEAA2FF4-470A-4CD8-9733-C523C3C817F9}.Debug|Any CPU.Build.0 = Debug|Any CPU
		{DEAA2FF4-470A-4CD8-9733-C523C3C817F9}.Release|Any CPU.ActiveCfg = Release|Any CPU
		{DEAA2FF4-470A-4CD8-9733-C523C3C817F9}.Release|Any CPU.Build.0 = Release|Any CPU
	EndGlobalSection
	GlobalSection(SolutionProperties) = preSolution
		HideSolutionNode = FALSE
	EndGlobalSection
	GlobalSection(ExtensibilityGlobals) = postSolution
		SolutionGuid = {7266695B-8764-4818-B02B-9CD01B96826C}
	EndGlobalSection
EndGlobal
